
Microsoft Visual Studio Solution File, Format Version 12.00
# Visual Studio Version 16
VisualStudioVersion = 16.0.29519.87
MinimumVisualStudioVersion = 10.0.40219.1
Project("{FAE04EC0-301F-11D3-BF4B-00C04F79EFBC}") = "SelfHosting", "SelfHosting.csproj", "{B620979E-D8F8-4FA3-B830-2833753EB50F}"
EndProject
Project("{FAE04EC0-301F-11D3-BF4B-00C04F79EFBC}") = "SelfHostingConsole", "..\SelfHostingConsole\SelfHostingConsole.csproj", "{A37E1B55-B291-4241-9A88-391049AD0E65}"
EndProject
Global
	GlobalSection(SolutionConfigurationPlatforms) = preSolution
		Debug|Any CPU = Debug|Any CPU
		Release|Any CPU = Release|Any CPU
	EndGlobalSection
	GlobalSection(ProjectConfigurationPlatforms) = postSolution
		{B620979E-D8F8-4FA3-B830-2833753EB50F}.Debug|Any CPU.ActiveCfg = Debug|Any CPU
		{B620979E-D8F8-4FA3-B830-2833753EB50F}.Debug|Any CPU.Build.0 = Debug|Any CPU
		{B620979E-D8F8-4FA3-B830-2833753EB50F}.Release|Any CPU.ActiveCfg = Release|Any CPU
		{B620979E-D8F8-4FA3-B830-2833753EB50F}.Release|Any CPU.Build.0 = Release|Any CPU
		{A37E1B55-B291-4241-9A88-391049AD0E65}.Debug|Any CPU.ActiveCfg = Debug|Any CPU
		{A37E1B55-B291-4241-9A88-391049AD0E65}.Debug|Any CPU.Build.0 = Debug|Any CPU
		{A37E1B55-B291-4241-9A88-391049AD0E65}.Release|Any CPU.ActiveCfg = Release|Any CPU
		{A37E1B55-B291-4241-9A88-391049AD0E65}.Release|Any CPU.Build.0 = Release|Any CPU
	EndGlobalSection
	GlobalSection(SolutionProperties) = preSolution
		HideSolutionNode = FALSE
	EndGlobalSection
	GlobalSection(ExtensibilityGlobals) = postSolution
		SolutionGuid = {EF268588-6FD3-40AD-B006-8B901D32ECF8}
	EndGlobalSection
EndGlobal
